
Microsoft Visual Studio Solution File, Format Version 12.00
# Visual Studio 15
VisualStudioVersion = 15.0.26730.16
MinimumVisualStudioVersion = 10.0.40219.1
Project("{FAE04EC0-301F-11D3-BF4B-00C04F79EFBC}") = "WPF", "WPF\WPF.csproj", "{5390984F-65C3-4E56-831B-29AAD078983F}"
EndProject
Project("{FAE04EC0-301F-11D3-BF4B-00C04F79EFBC}") = "CORE", "CORE\CORE.csproj", "{F2F22389-229E-4601-B92D-3463D25DD7CD}"
EndProject
Project("{FAE04EC0-301F-11D3-BF4B-00C04F79EFBC}") = "TEST", "TEST\TEST.csproj", "{73E1D563-481A-4F9F-BA60-7A7AC1E067D0}"
EndProject
Global
	GlobalSection(SolutionConfigurationPlatforms) = preSolution
		Debug|Any CPU = Debug|Any CPU
		Release|Any CPU = Release|Any CPU
	EndGlobalSection
	GlobalSection(ProjectConfigurationPlatforms) = postSolution
		{5390984F-65C3-4E56-831B-29AAD078983F}.Debug|Any CPU.ActiveCfg = Debug|Any CPU
		{5390984F-65C3-4E56-831B-29AAD078983F}.Debug|Any CPU.Build.0 = Debug|Any CPU
		{5390984F-65C3-4E56-831B-29AAD078983F}.Release|Any CPU.ActiveCfg = Release|Any CPU
		{5390984F-65C3-4E56-831B-29AAD078983F}.Release|Any CPU.Build.0 = Release|Any CPU
		{F2F22389-229E-4601-B92D-3463D25DD7CD}.Debug|Any CPU.ActiveCfg = Debug|Any CPU
		{F2F22389-229E-4601-B92D-3463D25DD7CD}.Debug|Any CPU.Build.0 = Debug|Any CPU
		{F2F22389-229E-4601-B92D-3463D25DD7CD}.Release|Any CPU.ActiveCfg = Release|Any CPU
		{F2F22389-229E-4601-B92D-3463D25DD7CD}.Release|Any CPU.Build.0 = Release|Any CPU
		{73E1D563-481A-4F9F-BA60-7A7AC1E067D0}.Debug|Any CPU.ActiveCfg = Debug|Any CPU
		{73E1D563-481A-4F9F-BA60-7A7AC1E067D0}.Debug|Any CPU.Build.0 = Debug|Any CPU
		{73E1D563-481A-4F9F-BA60-7A7AC1E067D0}.Release|Any CPU.ActiveCfg = Release|Any CPU
		{73E1D563-481A-4F9F-BA60-7A7AC1E067D0}.Release|Any CPU.Build.0 = Release|Any CPU
	EndGlobalSection
	GlobalSection(SolutionProperties) = preSolution
		HideSolutionNode = FALSE
	EndGlobalSection
	GlobalSection(ExtensibilityGlobals) = postSolution
		SolutionGuid = {7CD570C2-E4C5-420B-801B-11115A21D36A}
	EndGlobalSection
EndGlobal
